// !$*UTF8*$!
{
	archiveVersion = 1;
	classes = {
	};
	objectVersion = 46;
	objects = {

/* Begin PBXBuildFile section */
		430E27B51CDB8BDF0056CFDB /* AppDelegate.swift in Sources */ = {isa = PBXBuildFile; fileRef = 430E27B41CDB8BDF0056CFDB /* AppDelegate.swift */; };
		430E27B71CDB8BDF0056CFDB /* ViewController.swift in Sources */ = {isa = PBXBuildFile; fileRef = 430E27B61CDB8BDF0056CFDB /* ViewController.swift */; };
		430E27BA1CDB8BDF0056CFDB /* Main.storyboard in Resources */ = {isa = PBXBuildFile; fileRef = 430E27B81CDB8BDF0056CFDB /* Main.storyboard */; };
		430E27BC1CDB8BDF0056CFDB /* Assets.xcassets in Resources */ = {isa = PBXBuildFile; fileRef = 430E27BB1CDB8BDF0056CFDB /* Assets.xcassets */; };
		430E27BF1CDB8BDF0056CFDB /* LaunchScreen.storyboard in Resources */ = {isa = PBXBuildFile; fileRef = 430E27BD1CDB8BDF0056CFDB /* LaunchScreen.storyboard */; };
		430E27C71CDB8DA60056CFDB /* UIImageEffects.swift in Sources */ = {isa = PBXBuildFile; fileRef = 430E27C61CDB8DA60056CFDB /* UIImageEffects.swift */; };
		430E27C91CDB91EC0056CFDB /* poster.jpg in Resources */ = {isa = PBXBuildFile; fileRef = 430E27C81CDB91EC0056CFDB /* poster.jpg */; };
/* End PBXBuildFile section */

/* Begin PBXFileReference section */
		430E27B11CDB8BDF0056CFDB /* ImageEffectFinder.app */ = {isa = PBXFileReference; explicitFileType = wrapper.application; includeInIndex = 0; path = ImageEffectFinder.app; sourceTree = BUILT_PRODUCTS_DIR; };
		430E27B41CDB8BDF0056CFDB /* AppDelegate.swift */ = {isa = PBXFileReference; lastKnownFileType = sourcecode.swift; path = AppDelegate.swift; sourceTree = "<group>"; };
		430E27B61CDB8BDF0056CFDB /* ViewController.swift */ = {isa = PBXFileReference; lastKnownFileType = sourcecode.swift; path = ViewController.swift; sourceTree = "<group>"; };
		430E27B91CDB8BDF0056CFDB /* Base */ = {isa = PBXFileReference; lastKnownFileType = file.storyboard; name = Base; path = Base.lproj/Main.storyboard; sourceTree = "<group>"; };
		430E27BB1CDB8BDF0056CFDB /* Assets.xcassets */ = {isa = PBXFileReference; lastKnownFileType = folder.assetcatalog; path = Assets.xcassets; sourceTree = "<group>"; };
		430E27BE1CDB8BDF0056CFDB /* Base */ = {isa = PBXFileReference; lastKnownFileType = file.storyboard; name = Base; path = Base.lproj/LaunchScreen.storyboard; sourceTree = "<group>"; };
		430E27C01CDB8BDF0056CFDB /* Info.plist */ = {isa = PBXFileReference; lastKnownFileType = text.plist.xml; path = Info.plist; sourceTree = "<group>"; };
		430E27C61CDB8DA60056CFDB /* UIImageEffects.swift */ = {isa = PBXFileReference; fileEncoding = 4; lastKnownFileType = sourcecode.swift; path = UIImageEffects.swift; sourceTree = "<group>"; };
		430E27C81CDB91EC0056CFDB /* poster.jpg */ = {isa = PBXFileReference; lastKnownFileType = image.jpeg; path = poster.jpg; sourceTree = "<group>"; };
/* End PBXFileReference section */

/* Begin PBXFrameworksBuildPhase section */
		430E27AE1CDB8BDF0056CFDB /* Frameworks */ = {
			isa = PBXFrameworksBuildPhase;
			buildActionMask = 2147483647;
			files = (
			);
			runOnlyForDeploymentPostprocessing = 0;
		};
/* End PBXFrameworksBuildPhase section */

/* Begin PBXGroup section */
		430E27A81CDB8BDF0056CFDB = {
			isa = PBXGroup;
			children = (
				430E27B31CDB8BDF0056CFDB /* ImageEffectFinder */,
				430E27B21CDB8BDF0056CFDB /* Products */,
			);
			sourceTree = "<group>";
		};
		430E27B21CDB8BDF0056CFDB /* Products */ = {
			isa = PBXGroup;
			children = (
				430E27B11CDB8BDF0056CFDB /* ImageEffectFinder.app */,
			);
			name = Products;
			sourceTree = "<group>";
		};
		430E27B31CDB8BDF0056CFDB /* ImageEffectFinder */ = {
			isa = PBXGroup;
			children = (
				430E27C81CDB91EC0056CFDB /* poster.jpg */,
				430E27B41CDB8BDF0056CFDB /* AppDelegate.swift */,
				430E27C61CDB8DA60056CFDB /* UIImageEffects.swift */,
				430E27B61CDB8BDF0056CFDB /* ViewController.swift */,
				430E27B81CDB8BDF0056CFDB /* Main.storyboard */,
				430E27BB1CDB8BDF0056CFDB /* Assets.xcassets */,
				430E27BD1CDB8BDF0056CFDB /* LaunchScreen.storyboard */,
				430E27C01CDB8BDF0056CFDB /* Info.plist */,
			);
			path = ImageEffectFinder;
			sourceTree = "<group>";
		};
/* End PBXGroup section */

/* Begin PBXNativeTarget section */
		430E27B01CDB8BDF0056CFDB /* ImageEffectFinder */ = {
			isa = PBXNativeTarget;
			buildConfigurationList = 430E27C31CDB8BDF0056CFDB /* Build configuration list for PBXNativeTarget "ImageEffectFinder" */;
			buildPhases = (
				430E27AD1CDB8BDF0056CFDB /* Sources */,
				430E27AE1CDB8BDF0056CFDB /* Frameworks */,
				430E27AF1CDB8BDF0056CFDB /* Resources */,
			);
			buildRules = (
			);
			dependencies = (
			);
			name = ImageEffectFinder;
			productName = ImageEffectFinder;
			productReference = 430E27B11CDB8BDF0056CFDB /* ImageEffectFinder.app */;
			productType = "com.apple.product-type.application";
		};
/* End PBXNativeTarget section */

/* Begin PBXProject section */
		430E27A91CDB8BDF0056CFDB /* Project object */ = {
			isa = PBXProject;
			attributes = {
				LastSwiftUpdateCheck = 0730;
				LastUpgradeCheck = 0730;
				ORGANIZATIONNAME = NateHancock;
				TargetAttributes = {
					430E27B01CDB8BDF0056CFDB = {
						CreatedOnToolsVersion = 7.3;
					};
				};
			};
			buildConfigurationList = 430E27AC1CDB8BDF0056CFDB /* Build configuration list for PBXProject "ImageEffectFinder" */;
			compatibilityVersion = "Xcode 3.2";
			developmentRegion = English;
			hasScannedForEncodings = 0;
			knownRegions = (
				en,
				Base,
			);
			mainGroup = 430E27A81CDB8BDF0056CFDB;
			productRefGroup = 430E27B21CDB8BDF0056CFDB /* Products */;
			projectDirPath = "";
			projectRoot = "";
			targets = (
				430E27B01CDB8BDF0056CFDB /* ImageEffectFinder */,
			);
		};
/* End PBXProject section */

/* Begin PBXResourcesBuildPhase section */
		430E27AF1CDB8BDF0056CFDB /* Resources */ = {
			isa = PBXResourcesBuildPhase;
			buildActionMask = 2147483647;
			files = (
				430E27BF1CDB8BDF0056CFDB /* LaunchScreen.storyboard in Resources */,
				430E27BC1CDB8BDF0056CFDB /* Assets.xcassets in Resources */,
				430E27C91CDB91EC0056CFDB /* poster.jpg in Resources */,
				430E27BA1CDB8BDF0056CFDB /* Main.storyboard in Resources */,
			);
			runOnlyForDeploymentPostprocessing = 0;
		};
/* End PBXResourcesBuildPhase section */

/* Begin PBXSourcesBuildPhase section */
		430E27AD1CDB8BDF0056CFDB /* Sources */ = {
			isa = PBXSourcesBuildPhase;
			buildActionMask = 2147483647;
			files = (
				430E27B71CDB8BDF0056CFDB /* ViewController.swift in Sources */,
				430E27B51CDB8BDF0056CFDB /* AppDelegate.swift in Sources */,
				430E27C71CDB8DA60056CFDB /* UIImageEffects.swift in Sources */,
			);
			runOnlyForDeploymentPostprocessing = 0;
		};
/* End PBXSourcesBuildPhase section */

/* Begin PBXVariantGroup section */
		430E27B81CDB8BDF0056CFDB /* Main.storyboard */ = {
			isa = PBXVariantGroup;
			children = (
				430E27B91CDB8BDF0056CFDB /* Base */,
			);
			name = Main.storyboard;
			sourceTree = "<group>";
		};
		430E27BD1CDB8BDF0056CFDB /* LaunchScreen.storyboard */ = {
			isa = PBXVariantGroup;
			children = (
				430E27BE1CDB8BDF0056CFDB /* Base */,
			);
			name = LaunchScreen.storyboard;
			sourceTree = "<group>";
		};
/* End PBXVariantGroup section */

/* Begin XCBuildConfiguration section */
		430E27C11CDB8BDF0056CFDB /* Debug */ = {
			isa = XCBuildConfiguration;
			buildSettings = {
				ALWAYS_SEARCH_USER_PATHS = NO;
				CLANG_ANALYZER_NONNULL = YES;
				CLANG_CXX_LANGUAGE_STANDARD = "gnu++0x";
				CLANG_CXX_LIBRARY = "libc++";
				CLANG_ENABLE_MODULES = YES;
				CLANG_ENABLE_OBJC_ARC = YES;
				CLANG_WARN_BOOL_CONVERSION = YES;
				CLANG_WARN_CONSTANT_CONVERSION = YES;
				CLANG_WARN_DIRECT_OBJC_ISA_USAGE = YES_ERROR;
				CLANG_WARN_EMPTY_BODY = YES;
				CLANG_WARN_ENUM_CONVERSION = YES;
				CLANG_WARN_INT_CONVERSION = YES;
				CLANG_WARN_OBJC_ROOT_CLASS = YES_ERROR;
				CLANG_WARN_UNREACHABLE_CODE = YES;
				CLANG_WARN__DUPLICATE_METHOD_MATCH = YES;
				"CODE_SIGN_IDENTITY[sdk=iphoneos*]" = "iPhone Developer";
				COPY_PHASE_STRIP = NO;
				DEBUG_INFORMATION_FORMAT = dwarf;
				ENABLE_STRICT_OBJC_MSGSEND = YES;
				ENABLE_TESTABILITY = YES;
				GCC_C_LANGUAGE_STANDARD = gnu99;
				GCC_DYNAMIC_NO_PIC = NO;
				GCC_NO_COMMON_BLOCKS = YES;
				GCC_OPTIMIZATION_LEVEL = 0;
				GCC_PREPROCESSOR_DEFINITIONS = (
					"DEBUG=1",
					"$(inherited)",
				);
				GCC_WARN_64_TO_32_BIT_CONVERSION = YES;
				GCC_WARN_ABOUT_RETURN_TYPE = YES_ERROR;
				GCC_WARN_UNDECLARED_SELECTOR = YES;
				GCC_WARN_UNINITIALIZED_AUTOS = YES_AGGRESSIVE;
				GCC_WARN_UNUSED_FUNCTION = YES;
				GCC_WARN_UNUSED_VARIABLE = YES;
				IPHONEOS_DEPLOYMENT_TARGET = 9.3;
				MTL_ENABLE_DEBUG_INFO = YES;
				ONLY_ACTIVE_ARCH = YES;
				SDKROOT = iphoneos;
				SWIFT_OPTIMIZATION_LEVEL = "-Onone";
				TARGETED_DEVICE_FAMILY = "1,2";
			};
			name = Debug;
		};
		430E27C21CDB8BDF0056CFDB /* Release */ = {
			isa = XCBuildConfiguration;
			buildSettings = {
				ALWAYS_SEARCH_USER_PATHS = NO;
				CLANG_ANALYZER_NONNULL = YES;
				CLANG_CXX_LANGUAGE_STANDARD = "gnu++0x";
				CLANG_CXX_LIBRARY = "libc++";
				CLANG_ENABLE_MODULES = YES;
				CLANG_ENABLE_OBJC_ARC = YES;
				CLANG_WARN_BOOL_CONVERSION = YES;
				CLANG_WARN_CONSTANT_CONVERSION = YES;
				CLANG_WARN_DIRECT_OBJC_ISA_USAGE = YES_ERROR;
				CLANG_WARN_EMPTY_BODY = YES;
				CLANG_WARN_ENUM_CONVERSION = YES;
				CLANG_WARN_INT_CONVERSION = YES;
				CLANG_WARN_OBJC_ROOT_CLASS = YES_ERROR;
				CLANG_WARN_UNREACHABLE_CODE = YES;
				CLANG_WARN__DUPLICATE_METHOD_MATCH = YES;
				"CODE_SIGN_IDENTITY[sdk=iphoneos*]" = "iPhone Developer";
				COPY_PHASE_STRIP = NO;
				DEBUG_INFORMATION_FORMAT = "dwarf-with-dsym";
				ENABLE_NS_ASSERTIONS = NO;
				ENABLE_STRICT_OBJC_MSGSEND = YES;
				GCC_C_LANGUAGE_STANDARD = gnu99;
				GCC_NO_COMMON_BLOCKS = YES;
				GCC_WARN_64_TO_32_BIT_CONVERSION = YES;
				GCC_WARN_ABOUT_RETURN_TYPE = YES_ERROR;
				GCC_WARN_UNDECLARED_SELECTOR = YES;
				GCC_WARN_UNINITIALIZED_AUTOS = YES_AGGRESSIVE;
				GCC_WARN_UNUSED_FUNCTION = YES;
				GCC_WARN_UNUSED_VARIABLE = YES;
				IPHONEOS_DEPLOYMENT_TARGET = 9.3;
				MTL_ENABLE_DEBUG_INFO = NO;
				SDKROOT = iphoneos;
				TARGETED_DEVICE_FAMILY = "1,2";
				VALIDATE_PRODUCT = YES;
			};
			name = Release;
		};
		430E27C41CDB8BDF0056CFDB /* Debug */ = {
			isa = XCBuildConfiguration;
			buildSettings = {
				ASSETCATALOG_COMPILER_APPICON_NAME = AppIcon;
				INFOPLIST_FILE = ImageEffectFinder/Info.plist;
				LD_RUNPATH_SEARCH_PATHS = "$(inherited) @executable_path/Frameworks";
				PRODUCT_BUNDLE_IDENTIFIER = NateHancock.ImageEffectFinder;
				PRODUCT_NAME = "$(TARGET_NAME)";
			};
			name = Debug;
		};
		430E27C51CDB8BDF0056CFDB /* Release */ = {
			isa = XCBuildConfiguration;
			buildSettings = {
				ASSETCATALOG_COMPILER_APPICON_NAME = AppIcon;
				INFOPLIST_FILE = ImageEffectFinder/Info.plist;
				LD_RUNPATH_SEARCH_PATHS = "$(inherited) @executable_path/Frameworks";
				PRODUCT_BUNDLE_IDENTIFIER = NateHancock.ImageEffectFinder;
				PRODUCT_NAME = "$(TARGET_NAME)";
			};
			name = Release;
		};
/* End XCBuildConfiguration section */

/* Begin XCConfigurationList section */
		430E27AC1CDB8BDF0056CFDB /* Build configuration list for PBXProject "ImageEffectFinder" */ = {
			isa = XCConfigurationList;
			buildConfigurations = (
				430E27C11CDB8BDF0056CFDB /* Debug */,
				430E27C21CDB8BDF0056CFDB /* Release */,
			);
			defaultConfigurationIsVisible = 0;
			defaultConfigurationName = Release;
		};
		430E27C31CDB8BDF0056CFDB /* Build configuration list for PBXNativeTarget "ImageEffectFinder" */ = {
			isa = XCConfigurationList;
			buildConfigurations = (
				430E27C41CDB8BDF0056CFDB /* Debug */,
				430E27C51CDB8BDF0056CFDB /* Release */,
			);
			defaultConfigurationIsVisible = 0;
		};
/* End XCConfigurationList section */
	};
	rootObject = 430E27A91CDB8BDF0056CFDB /* Project object */;
}
